{
    "_meta": {
        "hash": {
            "sha256": "ea2b7228db265fdaab23703135a88d5c005bf4225443197f890173608a692406"
        },
        "host-environment-markers": {
            "implementation_name": "cpython",
            "implementation_version": "3.6.4",
            "os_name": "posix",
            "platform_machine": "x86_64",
            "platform_python_implementation": "CPython",
            "platform_release": "4.14.0-parrot13-amd64",
            "platform_system": "Linux",
            "platform_version": "#1 SMP Parrot 4.14.13-1parrot13 (2018-01-21)",
            "python_full_version": "3.6.4",
            "python_version": "3.6",
            "sys_platform": "linux"
        },
        "pipfile-spec": 6,
        "requires": {},
        "sources": [
            {
                "name": "pypi",
                "url": "https://pypi.python.org/simple",
                "verify_ssl": true
            }
        ]
    },
    "default": {
        "tinytag": {
            "hashes": [
                "sha256:8c86ea2cf812a9aff2d61b04fe954bd3feaeb4053f59809b7d1e09ea03be7cd3"
            ],
            "version": "==0.18.0"
        }
    },
    "develop": {}
}
